{
  "version": 4,
  "terraform_version": "1.14.3",
  "serial": 23,
  "lineage": "4c5f83a7-4fb6-6c2a-8925-7d280acb0a43",
  "outputs": {
    "application_access_instruction": {
      "value": "Check 'kubectl get svc' for the port, then visit http://3.81.145.10:\u003cPORT\u003e",
      "type": "string"
    },
    "database_private_ip": {
      "value": "10.0.3.100",
      "type": "string"
    },
    "master_node_details": {
      "value": {
        "grafana_url": "http://3.81.145.10:30030",
        "ip": "3.81.145.10",
        "jenkins_url": "http://3.81.145.10:8080",
        "prometheus_url": "http://3.81.145.10:30090",
        "ssh_login": "ssh -i vockey.pem ubuntu@3.81.145.10"
      },
      "type": [
        "object",
        {
          "grafana_url": "string",
          "ip": "string",
          "jenkins_url": "string",
          "prometheus_url": "string",
          "ssh_login": "string"
        }
      ]
    },
    "worker_nodes_private_ips": {
      "value": [
        "10.0.2.6",
        "10.0.2.205",
        "10.0.2.77"
      ],
      "type": [
        "tuple",
        [
          "string",
          "string",
          "string"
        ]
      ]
    }
  },
  "resources": [
    {
      "mode": "data",
      "type": "aws_ami",
      "name": "ubuntu",
      "provider": "provider[\"registry.terraform.io/hashicorp/aws\"]",
      "instances": [
        {
          "schema_version": 0,
          "attributes": {
            "allow_unsafe_filter": null,
            "architecture": "x86_64",
            "arn": "arn:aws:ec2:us-east-1::image/ami-0fb0b230890ccd1e6",
            "block_device_mappings": [
              {
                "device_name": "/dev/sda1",
                "ebs": {
                  "delete_on_termination": "true",
                  "encrypted": "false",
                  "iops": "0",
                  "snapshot_id": "snap-01a042ee8ac5da832",
                  "throughput": "0",
                  "volume_initialization_rate": "0",
                  "volume_size": "8",
                  "volume_type": "gp2"
                },
                "no_device": "",
                "virtual_name": ""
              },
              {
                "device_name": "/dev/sdb",
                "ebs": {},
                "no_device": "",
                "virtual_name": "ephemeral0"
              },
              {
                "device_name": "/dev/sdc",
                "ebs": {},
                "no_device": "",
                "virtual_name": "ephemeral1"
              }
            ],
            "boot_mode": "legacy-bios",
            "creation_date": "2025-06-25T05:33:11.000Z",
            "deprecation_time": "2027-06-25T05:33:11.000Z",
            "description": "Canonical, Ubuntu, 20.04, amd64 focal image",
            "ena_support": true,
            "executable_users": null,
            "filter": [
              {
                "name": "name",
                "values": [
                  "ubuntu/images/hvm-ssd/ubuntu-focal-20.04-amd64-server-*"
                ]
              },
              {
                "name": "virtualization-type",
                "values": [
                  "hvm"
                ]
              }
            ],
            "hypervisor": "xen",
            "id": "ami-0fb0b230890ccd1e6",
            "image_id": "ami-0fb0b230890ccd1e6",
            "image_location": "amazon/ubuntu/images/hvm-ssd/ubuntu-focal-20.04-amd64-server-20250624",
            "image_owner_alias": "amazon",
            "image_type": "machine",
            "imds_support": "",
            "include_deprecated": false,
            "kernel_id": "",
            "last_launched_time": "",
            "most_recent": true,
            "name": "ubuntu/images/hvm-ssd/ubuntu-focal-20.04-amd64-server-20250624",
            "name_regex": null,
            "owner_id": "099720109477",
            "owners": [
              "099720109477"
            ],
            "platform": "",
            "platform_details": "Linux/UNIX",
            "product_codes": [],
            "public": true,
            "ramdisk_id": "",
            "region": "us-east-1",
            "root_device_name": "/dev/sda1",
            "root_device_type": "ebs",
            "root_snapshot_id": "snap-01a042ee8ac5da832",
            "sriov_net_support": "simple",
            "state": "available",
            "state_reason": {
              "code": "UNSET",
              "message": "UNSET"
            },
            "tags": {},
            "timeouts": null,
            "tpm_support": "",
            "uefi_data": null,
            "usage_operation": "RunInstances",
            "virtualization_type": "hvm"
          },
          "sensitive_attributes": [],
          "identity_schema_version": 0
        }
      ]
    },
    {
      "mode": "data",
      "type": "aws_iam_instance_profile",
      "name": "lab_profile",
      "provider": "provider[\"registry.terraform.io/hashicorp/aws\"]",
      "instances": [
        {
          "schema_version": 0,
          "attributes": {
            "arn": "arn:aws:iam::965756062685:instance-profile/LabInstanceProfile",
            "create_date": "2026-01-08 18:26:22 +0000 UTC",
            "id": "AIPA6BW4MBPO2BF2RBU3I",
            "name": "LabInstanceProfile",
            "path": "/",
            "role_arn": "arn:aws:iam::965756062685:role/LabRole",
            "role_id": "AROA6BW4MBPOYBI67AQET",
            "role_name": "LabRole"
          },
          "sensitive_attributes": [],
          "identity_schema_version": 0
        }
      ]
    },
    {
      "mode": "managed",
      "type": "aws_instance",
      "name": "app_services",
      "provider": "provider[\"registry.terraform.io/hashicorp/aws\"]",
      "instances": [
        {
          "index_key": 0,
          "schema_version": 2,
          "attributes": {
            "ami": "ami-0fb0b230890ccd1e6",
            "arn": "arn:aws:ec2:us-east-1:965756062685:instance/i-0efd86f7f219920c4",
            "associate_public_ip_address": false,
            "availability_zone": "us-east-1a",
            "capacity_reservation_specification": [
              {
                "capacity_reservation_preference": "open",
                "capacity_reservation_target": []
              }
            ],
            "cpu_options": [
              {
                "amd_sev_snp": "",
                "core_count": 1,
                "threads_per_core": 2
              }
            ],
            "credit_specification": [
              {
                "cpu_credits": "unlimited"
              }
            ],
            "disable_api_stop": false,
            "disable_api_termination": false,
            "ebs_block_device": [],
            "ebs_optimized": false,
            "enable_primary_ipv6": null,
            "enclave_options": [
              {
                "enabled": false
              }
            ],
            "ephemeral_block_device": [],
            "force_destroy": false,
            "get_password_data": false,
            "hibernation": false,
            "host_id": "",
            "host_resource_group_arn": null,
            "iam_instance_profile": "LabInstanceProfile",
            "id": "i-0efd86f7f219920c4",
            "instance_initiated_shutdown_behavior": "stop",
            "instance_lifecycle": "",
            "instance_market_options": [],
            "instance_state": "running",
            "instance_type": "t3.small",
            "ipv6_address_count": 0,
            "ipv6_addresses": [],
            "key_name": "vockey",
            "launch_template": [],
            "maintenance_options": [
              {
                "auto_recovery": "default"
              }
            ],
            "metadata_options": [
              {
                "http_endpoint": "enabled",
                "http_protocol_ipv6": "disabled",
                "http_put_response_hop_limit": 1,
                "http_tokens": "optional",
                "instance_metadata_tags": "disabled"
              }
            ],
            "monitoring": false,
            "network_interface": [],
            "outpost_arn": "",
            "password_data": "",
            "placement_group": "",
            "placement_group_id": "",
            "placement_partition_number": 0,
            "primary_network_interface": [
              {
                "delete_on_termination": true,
                "network_interface_id": "eni-0bfb2282ba968e168"
              }
            ],
            "primary_network_interface_id": "eni-0bfb2282ba968e168",
            "private_dns": "ip-10-0-2-6.ec2.internal",
            "private_dns_name_options": [
              {
                "enable_resource_name_dns_a_record": false,
                "enable_resource_name_dns_aaaa_record": false,
                "hostname_type": "ip-name"
              }
            ],
            "private_ip": "10.0.2.6",
            "public_dns": "",
            "public_ip": "",
            "region": "us-east-1",
            "root_block_device": [
              {
                "delete_on_termination": true,
                "device_name": "/dev/sda1",
                "encrypted": false,
                "iops": 100,
                "kms_key_id": "",
                "tags": {},
                "tags_all": {},
                "throughput": 0,
                "volume_id": "vol-0bf8ce5f1da69aec1",
                "volume_size": 8,
                "volume_type": "gp2"
              }
            ],
            "secondary_private_ips": [],
            "security_groups": [],
            "source_dest_check": true,
            "spot_instance_request_id": "",
            "subnet_id": "subnet-09c5d8916c26da05d",
            "tags": {
              "Name": "Service-Worker-1"
            },
            "tags_all": {
              "Name": "Service-Worker-1"
            },
            "tenancy": "default",
            "timeouts": null,
            "user_data": "#!/bin/bash\r\nexec \u003e /var/log/user-data.log 2\u003e\u00261\r\n\r\necho 'Acquire::ForceIPv4 \"true\";' \u003e /etc/apt/apt.conf.d/99force-ipv4\r\n\r\necho \"Waiting for NAT gateway to provide internet...\"\r\nuntil ping -c 1 8.8.8.8 \u003e/dev/null 2\u003e\u00261; do\r\n  sleep 5\r\ndone\r\necho \"Internet access established!\"\r\n\r\ncurl -sfL https://get.k3s.io | K3S_URL=https://10.0.1.10:6443 K3S_TOKEN=mysecretpassword sh -\r\n\r\necho \"K3s Worker registration attempt complete.\"\r\n",
            "user_data_base64": null,
            "user_data_replace_on_change": false,
            "volume_tags": null,
            "vpc_security_group_ids": [
              "sg-0490efe75fe975d2e"
            ]
          },
          "sensitive_attributes": [],
          "identity_schema_version": 0,
          "identity": {
            "account_id": "965756062685",
            "id": "i-0efd86f7f219920c4",
            "region": "us-east-1"
          },
          "private": "eyJlMmJmYjczMC1lY2FhLTExZTYtOGY4OC0zNDM2M2JjN2M0YzAiOnsiY3JlYXRlIjo2MDAwMDAwMDAwMDAsImRlbGV0ZSI6MTIwMDAwMDAwMDAwMCwicmVhZCI6OTAwMDAwMDAwMDAwLCJ1cGRhdGUiOjYwMDAwMDAwMDAwMH0sInNjaGVtYV92ZXJzaW9uIjoiMiJ9",
          "dependencies": [
            "aws_instance.master_node",
            "aws_security_group.master_sg",
            "aws_security_group.services_sg",
            "aws_subnet.private_app",
            "aws_subnet.public",
            "aws_vpc.main",
            "data.aws_ami.ubuntu",
            "data.aws_iam_instance_profile.lab_profile"
          ]
        },
        {
          "index_key": 1,
          "schema_version": 2,
          "attributes": {
            "ami": "ami-0fb0b230890ccd1e6",
            "arn": "arn:aws:ec2:us-east-1:965756062685:instance/i-0fb1ff704affc68d8",
            "associate_public_ip_address": false,
            "availability_zone": "us-east-1a",
            "capacity_reservation_specification": [
              {
                "capacity_reservation_preference": "open",
                "capacity_reservation_target": []
              }
            ],
            "cpu_options": [
              {
                "amd_sev_snp": "",
                "core_count": 1,
                "threads_per_core": 2
              }
            ],
            "credit_specification": [
              {
                "cpu_credits": "unlimited"
              }
            ],
            "disable_api_stop": false,
            "disable_api_termination": false,
            "ebs_block_device": [],
            "ebs_optimized": false,
            "enable_primary_ipv6": null,
            "enclave_options": [
              {
                "enabled": false
              }
            ],
            "ephemeral_block_device": [],
            "force_destroy": false,
            "get_password_data": false,
            "hibernation": false,
            "host_id": "",
            "host_resource_group_arn": null,
            "iam_instance_profile": "LabInstanceProfile",
            "id": "i-0fb1ff704affc68d8",
            "instance_initiated_shutdown_behavior": "stop",
            "instance_lifecycle": "",
            "instance_market_options": [],
            "instance_state": "running",
            "instance_type": "t3.small",
            "ipv6_address_count": 0,
            "ipv6_addresses": [],
            "key_name": "vockey",
            "launch_template": [],
            "maintenance_options": [
              {
                "auto_recovery": "default"
              }
            ],
            "metadata_options": [
              {
                "http_endpoint": "enabled",
                "http_protocol_ipv6": "disabled",
                "http_put_response_hop_limit": 1,
                "http_tokens": "optional",
                "instance_metadata_tags": "disabled"
              }
            ],
            "monitoring": false,
            "network_interface": [],
            "outpost_arn": "",
            "password_data": "",
            "placement_group": "",
            "placement_group_id": "",
            "placement_partition_number": 0,
            "primary_network_interface": [
              {
                "delete_on_termination": true,
                "network_interface_id": "eni-09b23d0963d56920c"
              }
            ],
            "primary_network_interface_id": "eni-09b23d0963d56920c",
            "private_dns": "ip-10-0-2-205.ec2.internal",
            "private_dns_name_options": [
              {
                "enable_resource_name_dns_a_record": false,
                "enable_resource_name_dns_aaaa_record": false,
                "hostname_type": "ip-name"
              }
            ],
            "private_ip": "10.0.2.205",
            "public_dns": "",
            "public_ip": "",
            "region": "us-east-1",
            "root_block_device": [
              {
                "delete_on_termination": true,
                "device_name": "/dev/sda1",
                "encrypted": false,
                "iops": 100,
                "kms_key_id": "",
                "tags": {},
                "tags_all": {},
                "throughput": 0,
                "volume_id": "vol-0dffa3480521ad8a7",
                "volume_size": 8,
                "volume_type": "gp2"
              }
            ],
            "secondary_private_ips": [],
            "security_groups": [],
            "source_dest_check": true,
            "spot_instance_request_id": "",
            "subnet_id": "subnet-09c5d8916c26da05d",
            "tags": {
              "Name": "Service-Worker-2"
            },
            "tags_all": {
              "Name": "Service-Worker-2"
            },
            "tenancy": "default",
            "timeouts": null,
            "user_data": "#!/bin/bash\r\nexec \u003e /var/log/user-data.log 2\u003e\u00261\r\n\r\necho 'Acquire::ForceIPv4 \"true\";' \u003e /etc/apt/apt.conf.d/99force-ipv4\r\n\r\necho \"Waiting for NAT gateway to provide internet...\"\r\nuntil ping -c 1 8.8.8.8 \u003e/dev/null 2\u003e\u00261; do\r\n  sleep 5\r\ndone\r\necho \"Internet access established!\"\r\n\r\ncurl -sfL https://get.k3s.io | K3S_URL=https://10.0.1.10:6443 K3S_TOKEN=mysecretpassword sh -\r\n\r\necho \"K3s Worker registration attempt complete.\"\r\n",
            "user_data_base64": null,
            "user_data_replace_on_change": false,
            "volume_tags": null,
            "vpc_security_group_ids": [
              "sg-0490efe75fe975d2e"
            ]
          },
          "sensitive_attributes": [],
          "identity_schema_version": 0,
          "identity": {
            "account_id": "965756062685",
            "id": "i-0fb1ff704affc68d8",
            "region": "us-east-1"
          },
          "private": "eyJlMmJmYjczMC1lY2FhLTExZTYtOGY4OC0zNDM2M2JjN2M0YzAiOnsiY3JlYXRlIjo2MDAwMDAwMDAwMDAsImRlbGV0ZSI6MTIwMDAwMDAwMDAwMCwicmVhZCI6OTAwMDAwMDAwMDAwLCJ1cGRhdGUiOjYwMDAwMDAwMDAwMH0sInNjaGVtYV92ZXJzaW9uIjoiMiJ9",
          "dependencies": [
            "aws_instance.master_node",
            "aws_security_group.master_sg",
            "aws_security_group.services_sg",
            "aws_subnet.private_app",
            "aws_subnet.public",
            "aws_vpc.main",
            "data.aws_ami.ubuntu",
            "data.aws_iam_instance_profile.lab_profile"
          ]
        },
        {
          "index_key": 2,
          "schema_version": 2,
          "attributes": {
            "ami": "ami-0fb0b230890ccd1e6",
            "arn": "arn:aws:ec2:us-east-1:965756062685:instance/i-026bc7e0ee1654818",
            "associate_public_ip_address": false,
            "availability_zone": "us-east-1a",
            "capacity_reservation_specification": [
              {
                "capacity_reservation_preference": "open",
                "capacity_reservation_target": []
              }
            ],
            "cpu_options": [
              {
                "amd_sev_snp": "",
                "core_count": 1,
                "threads_per_core": 2
              }
            ],
            "credit_specification": [
              {
                "cpu_credits": "unlimited"
              }
            ],
            "disable_api_stop": false,
            "disable_api_termination": false,
            "ebs_block_device": [],
            "ebs_optimized": false,
            "enable_primary_ipv6": null,
            "enclave_options": [
              {
                "enabled": false
              }
            ],
            "ephemeral_block_device": [],
            "force_destroy": false,
            "get_password_data": false,
            "hibernation": false,
            "host_id": "",
            "host_resource_group_arn": null,
            "iam_instance_profile": "LabInstanceProfile",
            "id": "i-026bc7e0ee1654818",
            "instance_initiated_shutdown_behavior": "stop",
            "instance_lifecycle": "",
            "instance_market_options": [],
            "instance_state": "running",
            "instance_type": "t3.small",
            "ipv6_address_count": 0,
            "ipv6_addresses": [],
            "key_name": "vockey",
            "launch_template": [],
            "maintenance_options": [
              {
                "auto_recovery": "default"
              }
            ],
            "metadata_options": [
              {
                "http_endpoint": "enabled",
                "http_protocol_ipv6": "disabled",
                "http_put_response_hop_limit": 1,
                "http_tokens": "optional",
                "instance_metadata_tags": "disabled"
              }
            ],
            "monitoring": false,
            "network_interface": [],
            "outpost_arn": "",
            "password_data": "",
            "placement_group": "",
            "placement_group_id": "",
            "placement_partition_number": 0,
            "primary_network_interface": [
              {
                "delete_on_termination": true,
                "network_interface_id": "eni-05333bd7647586e16"
              }
            ],
            "primary_network_interface_id": "eni-05333bd7647586e16",
            "private_dns": "ip-10-0-2-77.ec2.internal",
            "private_dns_name_options": [
              {
                "enable_resource_name_dns_a_record": false,
                "enable_resource_name_dns_aaaa_record": false,
                "hostname_type": "ip-name"
              }
            ],
            "private_ip": "10.0.2.77",
            "public_dns": "",
            "public_ip": "",
            "region": "us-east-1",
            "root_block_device": [
              {
                "delete_on_termination": true,
                "device_name": "/dev/sda1",
                "encrypted": false,
                "iops": 100,
                "kms_key_id": "",
                "tags": {},
                "tags_all": {},
                "throughput": 0,
                "volume_id": "vol-0f483f94fbf059282",
                "volume_size": 8,
                "volume_type": "gp2"
              }
            ],
            "secondary_private_ips": [],
            "security_groups": [],
            "source_dest_check": true,
            "spot_instance_request_id": "",
            "subnet_id": "subnet-09c5d8916c26da05d",
            "tags": {
              "Name": "Service-Worker-3"
            },
            "tags_all": {
              "Name": "Service-Worker-3"
            },
            "tenancy": "default",
            "timeouts": null,
            "user_data": "#!/bin/bash\r\nexec \u003e /var/log/user-data.log 2\u003e\u00261\r\n\r\necho 'Acquire::ForceIPv4 \"true\";' \u003e /etc/apt/apt.conf.d/99force-ipv4\r\n\r\necho \"Waiting for NAT gateway to provide internet...\"\r\nuntil ping -c 1 8.8.8.8 \u003e/dev/null 2\u003e\u00261; do\r\n  sleep 5\r\ndone\r\necho \"Internet access established!\"\r\n\r\ncurl -sfL https://get.k3s.io | K3S_URL=https://10.0.1.10:6443 K3S_TOKEN=mysecretpassword sh -\r\n\r\necho \"K3s Worker registration attempt complete.\"\r\n",
            "user_data_base64": null,
            "user_data_replace_on_change": false,
            "volume_tags": null,
            "vpc_security_group_ids": [
              "sg-0490efe75fe975d2e"
            ]
          },
          "sensitive_attributes": [],
          "identity_schema_version": 0,
          "identity": {
            "account_id": "965756062685",
            "id": "i-026bc7e0ee1654818",
            "region": "us-east-1"
          },
          "private": "eyJlMmJmYjczMC1lY2FhLTExZTYtOGY4OC0zNDM2M2JjN2M0YzAiOnsiY3JlYXRlIjo2MDAwMDAwMDAwMDAsImRlbGV0ZSI6MTIwMDAwMDAwMDAwMCwicmVhZCI6OTAwMDAwMDAwMDAwLCJ1cGRhdGUiOjYwMDAwMDAwMDAwMH0sInNjaGVtYV92ZXJzaW9uIjoiMiJ9",
          "dependencies": [
            "aws_instance.master_node",
            "aws_security_group.master_sg",
            "aws_security_group.services_sg",
            "aws_subnet.private_app",
            "aws_subnet.public",
            "aws_vpc.main",
            "data.aws_ami.ubuntu",
            "data.aws_iam_instance_profile.lab_profile"
          ]
        }
      ]
    },
    {
      "mode": "managed",
      "type": "aws_instance",
      "name": "db_instance",
      "provider": "provider[\"registry.terraform.io/hashicorp/aws\"]",
      "instances": [
        {
          "schema_version": 2,
          "attributes": {
            "ami": "ami-0fb0b230890ccd1e6",
            "arn": "arn:aws:ec2:us-east-1:965756062685:instance/i-00116aa27634abf65",
            "associate_public_ip_address": false,
            "availability_zone": "us-east-1a",
            "capacity_reservation_specification": [
              {
                "capacity_reservation_preference": "open",
                "capacity_reservation_target": []
              }
            ],
            "cpu_options": [
              {
                "amd_sev_snp": "",
                "core_count": 1,
                "threads_per_core": 2
              }
            ],
            "credit_specification": [
              {
                "cpu_credits": "unlimited"
              }
            ],
            "disable_api_stop": false,
            "disable_api_termination": false,
            "ebs_block_device": [],
            "ebs_optimized": false,
            "enable_primary_ipv6": null,
            "enclave_options": [
              {
                "enabled": false
              }
            ],
            "ephemeral_block_device": [],
            "force_destroy": false,
            "get_password_data": false,
            "hibernation": false,
            "host_id": "",
            "host_resource_group_arn": null,
            "iam_instance_profile": "LabInstanceProfile",
            "id": "i-00116aa27634abf65",
            "instance_initiated_shutdown_behavior": "stop",
            "instance_lifecycle": "",
            "instance_market_options": [],
            "instance_state": "running",
            "instance_type": "t3.medium",
            "ipv6_address_count": 0,
            "ipv6_addresses": [],
            "key_name": "vockey",
            "launch_template": [],
            "maintenance_options": [
              {
                "auto_recovery": "default"
              }
            ],
            "metadata_options": [
              {
                "http_endpoint": "enabled",
                "http_protocol_ipv6": "disabled",
                "http_put_response_hop_limit": 1,
                "http_tokens": "optional",
                "instance_metadata_tags": "disabled"
              }
            ],
            "monitoring": false,
            "network_interface": [],
            "outpost_arn": "",
            "password_data": "",
            "placement_group": "",
            "placement_group_id": "",
            "placement_partition_number": 0,
            "primary_network_interface": [
              {
                "delete_on_termination": true,
                "network_interface_id": "eni-0811af80e3a8c7147"
              }
            ],
            "primary_network_interface_id": "eni-0811af80e3a8c7147",
            "private_dns": "ip-10-0-3-100.ec2.internal",
            "private_dns_name_options": [
              {
                "enable_resource_name_dns_a_record": false,
                "enable_resource_name_dns_aaaa_record": false,
                "hostname_type": "ip-name"
              }
            ],
            "private_ip": "10.0.3.100",
            "public_dns": "",
            "public_ip": "",
            "region": "us-east-1",
            "root_block_device": [
              {
                "delete_on_termination": true,
                "device_name": "/dev/sda1",
                "encrypted": false,
                "iops": 100,
                "kms_key_id": "",
                "tags": {},
                "tags_all": {},
                "throughput": 0,
                "volume_id": "vol-02eb3a10b9bed42fe",
                "volume_size": 8,
                "volume_type": "gp2"
              }
            ],
            "secondary_private_ips": [],
            "security_groups": [],
            "source_dest_check": true,
            "spot_instance_request_id": "",
            "subnet_id": "subnet-0c09f6e158a355d69",
            "tags": {
              "Name": "DB-Instance"
            },
            "tags_all": {
              "Name": "DB-Instance"
            },
            "tenancy": "default",
            "timeouts": null,
            "user_data": "#!/bin/bash\r\nexec \u003e \u003e(tee /var/log/user-data.log|logger -t user-data -s 2\u003e/dev/console) 2\u003e\u00261\r\n\r\necho \"--- [STEP 1] NETWORK PREPARATION ---\"\r\necho 'Acquire::ForceIPv4 \"true\";' \u003e /etc/apt/apt.conf.d/99force-ipv4\r\n\r\necho \"Checking internet connectivity...\"\r\nuntil ping -c 1 8.8.8.8 \u003e/dev/null 2\u003e\u00261; do\r\n  echo \"Waiting for NAT connectivity via Master Node (10.0.1.10)...\"\r\n  sleep 5\r\ndone\r\necho \"Internet access confirmed!\"\r\n\r\necho \"--- [STEP 2] INSTALL MONGODB ---\"\r\nwhile fuser /var/lib/dpkg/lock-frontend \u003e/dev/null 2\u003e\u00261; do\r\n  echo \"Waiting for apt lock...\"\r\n  sleep 5\r\ndone\r\n\r\napt-get update\r\napt-get install -y mongodb\r\n\r\necho \"--- [STEP 3] CONFIGURE BIND IP ---\"\r\nif [ -f /etc/mongodb.conf ]; then\r\n    sed -i 's/bind_ip = 127.0.0.1/bind_ip = 0.0.0.0/g' /etc/mongodb.conf\r\nfi\r\n\r\necho \"--- [STEP 4] RESTART SERVICE ---\"\r\nsystemctl restart mongodb\r\nsystemctl enable mongodb\r\n\r\necho \"--- DATABASE SETUP COMPLETE ---\"\r\n",
            "user_data_base64": null,
            "user_data_replace_on_change": false,
            "volume_tags": null,
            "vpc_security_group_ids": [
              "sg-03ef0ad87ddaf8047"
            ]
          },
          "sensitive_attributes": [],
          "identity_schema_version": 0,
          "identity": {
            "account_id": "965756062685",
            "id": "i-00116aa27634abf65",
            "region": "us-east-1"
          },
          "private": "eyJlMmJmYjczMC1lY2FhLTExZTYtOGY4OC0zNDM2M2JjN2M0YzAiOnsiY3JlYXRlIjo2MDAwMDAwMDAwMDAsImRlbGV0ZSI6MTIwMDAwMDAwMDAwMCwicmVhZCI6OTAwMDAwMDAwMDAwLCJ1cGRhdGUiOjYwMDAwMDAwMDAwMH0sInNjaGVtYV92ZXJzaW9uIjoiMiJ9",
          "dependencies": [
            "aws_instance.master_node",
            "aws_security_group.db_sg",
            "aws_security_group.master_sg",
            "aws_subnet.private_db",
            "aws_subnet.public",
            "aws_vpc.main",
            "data.aws_ami.ubuntu",
            "data.aws_iam_instance_profile.lab_profile"
          ]
        }
      ]
    },
    {
      "mode": "managed",
      "type": "aws_instance",
      "name": "master_node",
      "provider": "provider[\"registry.terraform.io/hashicorp/aws\"]",
      "instances": [
        {
          "schema_version": 2,
          "attributes": {
            "ami": "ami-0fb0b230890ccd1e6",
            "arn": "arn:aws:ec2:us-east-1:965756062685:instance/i-07de3631be5ce7ea4",
            "associate_public_ip_address": true,
            "availability_zone": "us-east-1a",
            "capacity_reservation_specification": [
              {
                "capacity_reservation_preference": "open",
                "capacity_reservation_target": []
              }
            ],
            "cpu_options": [
              {
                "amd_sev_snp": "",
                "core_count": 1,
                "threads_per_core": 2
              }
            ],
            "credit_specification": [
              {
                "cpu_credits": "unlimited"
              }
            ],
            "disable_api_stop": false,
            "disable_api_termination": false,
            "ebs_block_device": [],
            "ebs_optimized": false,
            "enable_primary_ipv6": null,
            "enclave_options": [
              {
                "enabled": false
              }
            ],
            "ephemeral_block_device": [],
            "force_destroy": false,
            "get_password_data": false,
            "hibernation": false,
            "host_id": "",
            "host_resource_group_arn": null,
            "iam_instance_profile": "LabInstanceProfile",
            "id": "i-07de3631be5ce7ea4",
            "instance_initiated_shutdown_behavior": "stop",
            "instance_lifecycle": "",
            "instance_market_options": [],
            "instance_state": "running",
            "instance_type": "t3.medium",
            "ipv6_address_count": 0,
            "ipv6_addresses": [],
            "key_name": "vockey",
            "launch_template": [],
            "maintenance_options": [
              {
                "auto_recovery": "default"
              }
            ],
            "metadata_options": [
              {
                "http_endpoint": "enabled",
                "http_protocol_ipv6": "disabled",
                "http_put_response_hop_limit": 1,
                "http_tokens": "optional",
                "instance_metadata_tags": "disabled"
              }
            ],
            "monitoring": false,
            "network_interface": [],
            "outpost_arn": "",
            "password_data": "",
            "placement_group": "",
            "placement_group_id": "",
            "placement_partition_number": 0,
            "primary_network_interface": [
              {
                "delete_on_termination": true,
                "network_interface_id": "eni-09f7e430e1bd8de41"
              }
            ],
            "primary_network_interface_id": "eni-09f7e430e1bd8de41",
            "private_dns": "ip-10-0-1-10.ec2.internal",
            "private_dns_name_options": [
              {
                "enable_resource_name_dns_a_record": false,
                "enable_resource_name_dns_aaaa_record": false,
                "hostname_type": "ip-name"
              }
            ],
            "private_ip": "10.0.1.10",
            "public_dns": "ec2-3-81-145-10.compute-1.amazonaws.com",
            "public_ip": "3.81.145.10",
            "region": "us-east-1",
            "root_block_device": [
              {
                "delete_on_termination": true,
                "device_name": "/dev/sda1",
                "encrypted": false,
                "iops": 100,
                "kms_key_id": "",
                "tags": {},
                "tags_all": {},
                "throughput": 0,
                "volume_id": "vol-002a9c30d674837ae",
                "volume_size": 8,
                "volume_type": "gp2"
              }
            ],
            "secondary_private_ips": [],
            "security_groups": [],
            "source_dest_check": false,
            "spot_instance_request_id": "",
            "subnet_id": "subnet-07654d878414ada91",
            "tags": {
              "Name": "Master-Node"
            },
            "tags_all": {
              "Name": "Master-Node"
            },
            "tenancy": "default",
            "timeouts": null,
            "user_data": "#!/bin/bash\r\n# 1. LOGGING SETUP\r\nexec \u003e \u003e(tee /var/log/user-data.log|logger -t user-data -s 2\u003e/dev/console) 2\u003e\u00261\r\nexport DEBIAN_FRONTEND=noninteractive\r\n\r\necho \"--- [STEP 1] INSTALL TOOLS ---\"\r\nwhile sudo fuser /var/lib/dpkg/lock \u003e/dev/null 2\u003e\u00261; do sleep 5; done\r\napt-get update\r\napt-get install -y iptables-persistent openjdk-17-jre docker.io unzip wget net-tools\r\n\r\necho \"--- [STEP 2] NETWORK CONFIGURATION ---\"\r\nsysctl -w net.ipv4.ip_forward=1\r\necho \"net.ipv4.ip_forward=1\" \u003e\u003e /etc/sysctl.conf\r\n\r\niptables -F\r\niptables -t nat -F\r\niptables -t nat -I POSTROUTING 1 -s 10.0.0.0/16 -o ens5 -j MASQUERADE\r\niptables -I FORWARD 1 -s 10.0.0.0/16 -j ACCEPT\r\niptables -I FORWARD 1 -m state --state ESTABLISHED,RELATED -j ACCEPT\r\niptables -A INPUT -p tcp --dport 32448 -j ACCEPT\r\n\r\necho \"iptables-persistent iptables-persistent/autosave_v4 boolean true\" | debconf-set-selections\r\necho \"iptables-persistent iptables-persistent/autosave_v6 boolean true\" | debconf-set-selections\r\nnetfilter-persistent save\r\n\r\necho \"--- [STEP 3] INSTALL K3S ---\"\r\ncurl -sfL https://get.k3s.io | K3S_TOKEN=mysecretpassword sh -\r\n\r\necho \"--- [STEP 4] INSTALL JENKINS ---\"\r\ncurl -fsSL https://pkg.jenkins.io/debian-stable/jenkins.io-2023.key | tee /usr/share/keyrings/jenkins-keyring.asc \u003e /dev/null\r\necho deb [signed-by=/usr/share/keyrings/jenkins-keyring.asc] https://pkg.jenkins.io/debian-stable binary/ | tee /etc/apt/sources.list.d/jenkins.list \u003e /dev/null\r\napt-get update\r\napt-get install -y jenkins\r\nsystemctl stop jenkins\r\n\r\necho \"--- [STEP 5] INSTALL KUBECTL ---\"\r\ncurl -LO \"https://dl.k8s.io/release/$(curl -L -s https://dl.k8s.io/release/stable.txt)/bin/linux/amd64/kubectl\"\r\ninstall -o root -g root -m 0755 kubectl /usr/local/bin/kubectl\r\n\r\necho \"--- [STEP 6] CONFIGURE KUBECONFIG FOR JENKINS ---\"\r\nwhile [ ! -f /etc/rancher/k3s/k3s.yaml ]; do sleep 2; done\r\nmkdir -p /var/lib/jenkins/.kube\r\ncp /etc/rancher/k3s/k3s.yaml /var/lib/jenkins/.kube/config\r\nchown -R jenkins:jenkins /var/lib/jenkins/.kube\r\nchmod 600 /var/lib/jenkins/.kube/config\r\n\r\necho \"--- [STEP 7] INSTALL PLUGINS ---\"\r\nwget https://github.com/jenkinsci/plugin-installation-manager-tool/releases/download/2.12.13/jenkins-plugin-manager-2.12.13.jar\r\njava -jar jenkins-plugin-manager-2.12.13.jar \\\r\n  --war /usr/share/java/jenkins.war \\\r\n  --plugin-download-directory /var/lib/jenkins/plugins \\\r\n  --plugins git workflow-aggregator docker-workflow\r\n\r\necho \"--- [STEP 8] CONFIGURE JOB ---\"\r\nmkdir -p /var/lib/jenkins/jobs/My-Pipeline-App\r\ncat \u003c\u003cXML \u003e /var/lib/jenkins/jobs/My-Pipeline-App/config.xml\r\n\u003c?xml version='1.1' encoding='UTF-8'?\u003e\r\n\u003cflow-definition plugin=\"workflow-job\"\u003e\r\n  \u003cactions/\u003e\r\n  \u003cdescription\u003eJob using Jenkinsfile from Git\u003c/description\u003e\r\n  \u003ckeepDependencies\u003efalse\u003c/keepDependencies\u003e\r\n  \u003cproperties/\u003e\r\n  \u003cquietPeriod\u003e30\u003c/quietPeriod\u003e\r\n  \u003cdefinition class=\"org.jenkinsci.plugins.workflow.cps.CpsScmFlowDefinition\" plugin=\"workflow-cps\"\u003e\r\n    \u003cscm class=\"hudson.plugins.git.GitSCM\" plugin=\"git\"\u003e\r\n      \u003cconfigVersion\u003e2\u003c/configVersion\u003e\r\n      \u003cuserRemoteConfigs\u003e\r\n        \u003chudson.plugins.git.UserRemoteConfig\u003e\r\n          \u003curl\u003ehttps://github.com/krd-ines/moleculer-realworld-example-app.git\u003c/url\u003e\r\n        \u003c/hudson.plugins.git.UserRemoteConfig\u003e\r\n      \u003c/userRemoteConfigs\u003e\r\n      \u003cbranches\u003e\r\n        \u003chudson.plugins.git.BranchSpec\u003e\r\n          \u003cname\u003e*/aws-migration\u003c/name\u003e\r\n        \u003c/hudson.plugins.git.BranchSpec\u003e\r\n      \u003c/branches\u003e\r\n      \u003cextensions/\u003e\r\n    \u003c/scm\u003e\r\n    \u003cscriptPath\u003eJenkinsfile\u003c/scriptPath\u003e\r\n    \u003clightweight\u003etrue\u003c/lightweight\u003e\r\n  \u003c/definition\u003e\r\n  \u003ctriggers/\u003e\r\n  \u003cdisabled\u003efalse\u003c/disabled\u003e\r\n\u003c/flow-definition\u003e\r\nXML\r\n\r\necho \"--- [STEP 9] CREATE CREDENTIALS \u0026 LIMIT EXECUTORS ---\"\r\nmkdir -p /var/lib/jenkins/init.groovy.d\r\n\r\ncat \u003c\u003cGROOVY \u003e /var/lib/jenkins/init.groovy.d/limit-executors.groovy\r\nimport jenkins.model.*\r\nJenkins.instance.setNumExecutors(1)\r\nJenkins.instance.save()\r\nGROOVY\r\n\r\ncat \u003c\u003cGROOVY \u003e /var/lib/jenkins/init.groovy.d/basic-security.groovy\r\nimport jenkins.model.*\r\nimport hudson.security.*\r\ndef instance = Jenkins.getInstance()\r\ndef hudsonRealm = new HudsonPrivateSecurityRealm(false)\r\nhudsonRealm.createAccount('admin', 'admin123')\r\ninstance.setSecurityRealm(hudsonRealm)\r\ndef strategy = new FullControlOnceLoggedInAuthorizationStrategy()\r\nstrategy.setAllowAnonymousRead(false)\r\ninstance.setAuthorizationStrategy(strategy)\r\ninstance.save()\r\nGROOVY\r\n\r\ncat \u003c\u003cGROOVY \u003e /var/lib/jenkins/init.groovy.d/docker-creds.groovy\r\nimport com.cloudbees.plugins.credentials.*\r\nimport com.cloudbees.plugins.credentials.domains.*\r\nimport com.cloudbees.plugins.credentials.impl.*\r\nimport jenkins.model.Jenkins\r\ndef domain = Domain.global()\r\ndef store = Jenkins.instance.getExtensionList('com.cloudbees.plugins.credentials.SystemCredentialsProvider')[0].getStore()\r\ndef dockerCreds = new UsernamePasswordCredentialsImpl(\r\n  CredentialsScope.GLOBAL,\r\n  \"docker-hub-creds\",\r\n  \"Docker Hub Credentials\",\r\n  \"mariaboukhelfa2025\",\r\n  \"dckr_pat_P4D3a8515PBjtSgb0Aal55JaqH4\"\r\n)\r\nif (store.getCredentials(domain).find { it.id == \"docker-hub-creds\" } == null) {\r\n  store.addCredentials(domain, dockerCreds)\r\n}\r\nGROOVY\r\n\r\necho \"--- [STEP 10] START JENKINS ---\"\r\nusermod -aG docker jenkins\r\nchown -R jenkins:jenkins /var/lib/jenkins\r\nchmod 666 /var/run/docker.sock\r\n\r\nmkdir -p /etc/systemd/system/jenkins.service.d/\r\ncat \u003c\u003cCONF \u003e /etc/systemd/system/jenkins.service.d/override.conf\r\n[Service]\r\nEnvironment=\"JAVA_OPTS=-Djenkins.install.runSetupWizard=false\"\r\nCONF\r\nsystemctl daemon-reload\r\nsystemctl start jenkins\r\n\r\necho \"--- [STEP 11] DOCKER DNS FIX ---\"\r\nmkdir -p /etc/docker\r\necho '{\"dns\": [\"8.8.8.8\", \"1.1.1.1\"]}' \u003e /etc/docker/daemon.json\r\nsystemctl restart docker\r\n\r\nmkdir -p /home/ubuntu/.kube\r\nsudo cp /etc/rancher/k3s/k3s.yaml /home/ubuntu/.kube/config\r\nsudo chown -R ubuntu:ubuntu /home/ubuntu/.kube\r\nchmod 600 /home/ubuntu/.kube/config\r\n\r\necho \"--- [STEP 12] DEPLOY PROMETHEUS \u0026 GRAFANA MONITORING ---\"\r\n# Wait for K3s to be fully ready\r\nwhile ! kubectl get nodes \u003e/dev/null 2\u003e\u00261; do \r\n  echo \"Waiting for K3s to be ready...\"\r\n  sleep 5\r\ndone\r\n\r\n# Create monitoring namespace\r\nkubectl create namespace monitoring\r\n\r\n# Deploy Prometheus\r\ncat \u003c\u003cPROM | kubectl apply -f -\r\napiVersion: v1\r\nkind: ConfigMap\r\nmetadata:\r\n  name: prometheus-config\r\n  namespace: monitoring\r\ndata:\r\n  prometheus.yml: |\r\n    global:\r\n      scrape_interval: 15s\r\n    scrape_configs:\r\n      - job_name: 'kubernetes-nodes'\r\n        kubernetes_sd_configs:\r\n          - role: node\r\n        relabel_configs:\r\n          - source_labels: [__address__]\r\n            regex: '(.*):10250'\r\n            replacement: '\\1:9100'\r\n            target_label: __address__\r\n      - job_name: 'kubernetes-pods'\r\n        kubernetes_sd_configs:\r\n          - role: pod\r\n        relabel_configs:\r\n          - source_labels: [__meta_kubernetes_pod_annotation_prometheus_io_scrape]\r\n            action: keep\r\n            regex: true\r\n          - source_labels: [__meta_kubernetes_pod_annotation_prometheus_io_path]\r\n            action: replace\r\n            target_label: __metrics_path__\r\n            regex: (.+)\r\n          - source_labels: [__address__, __meta_kubernetes_pod_annotation_prometheus_io_port]\r\n            action: replace\r\n            regex: ([^:]+)(?::\\d+)?;(\\d+)\r\n            replacement: \\$1:\\$2\r\n            target_label: __address__\r\n---\r\napiVersion: apps/v1\r\nkind: Deployment\r\nmetadata:\r\n  name: prometheus\r\n  namespace: monitoring\r\nspec:\r\n  replicas: 1\r\n  selector:\r\n    matchLabels:\r\n      app: prometheus\r\n  template:\r\n    metadata:\r\n      labels:\r\n        app: prometheus\r\n    spec:\r\n      containers:\r\n      - name: prometheus\r\n        image: prom/prometheus:latest\r\n        args:\r\n          - '--config.file=/etc/prometheus/prometheus.yml'\r\n          - '--storage.tsdb.path=/prometheus'\r\n        ports:\r\n        - containerPort: 9090\r\n        volumeMounts:\r\n        - name: config\r\n          mountPath: /etc/prometheus\r\n        - name: storage\r\n          mountPath: /prometheus\r\n      volumes:\r\n      - name: config\r\n        configMap:\r\n          name: prometheus-config\r\n      - name: storage\r\n        emptyDir: {}\r\n---\r\napiVersion: v1\r\nkind: Service\r\nmetadata:\r\n  name: prometheus\r\n  namespace: monitoring\r\nspec:\r\n  type: NodePort\r\n  selector:\r\n    app: prometheus\r\n  ports:\r\n  - port: 9090\r\n    targetPort: 9090\r\n    nodePort: 30090\r\nPROM\r\n\r\n# Deploy Grafana\r\ncat \u003c\u003cGRAF | kubectl apply -f -\r\napiVersion: apps/v1\r\nkind: Deployment\r\nmetadata:\r\n  name: grafana\r\n  namespace: monitoring\r\nspec:\r\n  replicas: 1\r\n  selector:\r\n    matchLabels:\r\n      app: grafana\r\n  template:\r\n    metadata:\r\n      labels:\r\n        app: grafana\r\n    spec:\r\n      containers:\r\n      - name: grafana\r\n        image: grafana/grafana:latest\r\n        ports:\r\n        - containerPort: 3000\r\n        env:\r\n        - name: GF_SECURITY_ADMIN_USER\r\n          value: \"admin\"\r\n        - name: GF_SECURITY_ADMIN_PASSWORD\r\n          value: \"admin123\"\r\n        - name: GF_SERVER_ROOT_URL\r\n          value: \"http://localhost:30030\"\r\n        volumeMounts:\r\n        - name: grafana-storage\r\n          mountPath: /var/lib/grafana\r\n      volumes:\r\n      - name: grafana-storage\r\n        emptyDir: {}\r\n---\r\napiVersion: v1\r\nkind: Service\r\nmetadata:\r\n  name: grafana\r\n  namespace: monitoring\r\nspec:\r\n  type: NodePort\r\n  selector:\r\n    app: grafana\r\n  ports:\r\n  - port: 3000\r\n    targetPort: 3000\r\n    nodePort: 30030\r\nGRAF\r\n\r\n# Deploy Node Exporter (for system metrics)\r\ncat \u003c\u003cNODE | kubectl apply -f -\r\napiVersion: apps/v1\r\nkind: DaemonSet\r\nmetadata:\r\n  name: node-exporter\r\n  namespace: monitoring\r\nspec:\r\n  selector:\r\n    matchLabels:\r\n      app: node-exporter\r\n  template:\r\n    metadata:\r\n      labels:\r\n        app: node-exporter\r\n    spec:\r\n      hostNetwork: true\r\n      hostPID: true\r\n      containers:\r\n      - name: node-exporter\r\n        image: prom/node-exporter:latest\r\n        args:\r\n          - '--path.procfs=/host/proc'\r\n          - '--path.sysfs=/host/sys'\r\n          - '--path.rootfs=/host/root'\r\n        ports:\r\n        - containerPort: 9100\r\n        volumeMounts:\r\n        - name: proc\r\n          mountPath: /host/proc\r\n          readOnly: true\r\n        - name: sys\r\n          mountPath: /host/sys\r\n          readOnly: true\r\n        - name: root\r\n          mountPath: /host/root\r\n          readOnly: true\r\n      volumes:\r\n      - name: proc\r\n        hostPath:\r\n          path: /proc\r\n      - name: sys\r\n        hostPath:\r\n          path: /sys\r\n      - name: root\r\n        hostPath:\r\n          path: /\r\nNODE\r\n\r\necho \"--- Monitoring stack deployed! ---\"\r\necho \"Prometheus: http://\u003cmaster-node-ip\u003e:30090\"\r\necho \"Grafana: http://\u003cmaster-node-ip\u003e:30030 (admin/admin123)\"\r\n",
            "user_data_base64": null,
            "user_data_replace_on_change": false,
            "volume_tags": null,
            "vpc_security_group_ids": [
              "sg-034e65b4a2946e7c3"
            ]
          },
          "sensitive_attributes": [
            [
              {
                "type": "get_attr",
                "value": "user_data"
              }
            ]
          ],
          "identity_schema_version": 0,
          "identity": {
            "account_id": "965756062685",
            "id": "i-07de3631be5ce7ea4",
            "region": "us-east-1"
          },
          "private": "eyJlMmJmYjczMC1lY2FhLTExZTYtOGY4OC0zNDM2M2JjN2M0YzAiOnsiY3JlYXRlIjo2MDAwMDAwMDAwMDAsImRlbGV0ZSI6MTIwMDAwMDAwMDAwMCwicmVhZCI6OTAwMDAwMDAwMDAwLCJ1cGRhdGUiOjYwMDAwMDAwMDAwMH0sInNjaGVtYV92ZXJzaW9uIjoiMiJ9",
          "dependencies": [
            "aws_security_group.master_sg",
            "aws_subnet.public",
            "aws_vpc.main",
            "data.aws_ami.ubuntu",
            "data.aws_iam_instance_profile.lab_profile"
          ]
        }
      ]
    },
    {
      "mode": "managed",
      "type": "aws_internet_gateway",
      "name": "igw",
      "provider": "provider[\"registry.terraform.io/hashicorp/aws\"]",
      "instances": [
        {
          "schema_version": 0,
          "attributes": {
            "arn": "arn:aws:ec2:us-east-1:965756062685:internet-gateway/igw-0e112c44b7046611e",
            "id": "igw-0e112c44b7046611e",
            "owner_id": "965756062685",
            "region": "us-east-1",
            "tags": {
              "Name": "Project-IGW"
            },
            "tags_all": {
              "Name": "Project-IGW"
            },
            "timeouts": null,
            "vpc_id": "vpc-008cbf626300203d5"
          },
          "sensitive_attributes": [],
          "identity_schema_version": 0,
          "private": "eyJlMmJmYjczMC1lY2FhLTExZTYtOGY4OC0zNDM2M2JjN2M0YzAiOnsiY3JlYXRlIjoxMjAwMDAwMDAwMDAwLCJkZWxldGUiOjEyMDAwMDAwMDAwMDAsInVwZGF0ZSI6MTIwMDAwMDAwMDAwMH19",
          "dependencies": [
            "aws_vpc.main"
          ]
        }
      ]
    },
    {
      "mode": "managed",
      "type": "aws_network_acl",
      "name": "app_acl",
      "provider": "provider[\"registry.terraform.io/hashicorp/aws\"]",
      "instances": [
        {
          "schema_version": 0,
          "attributes": {
            "arn": "arn:aws:ec2:us-east-1:965756062685:network-acl/acl-0dd88e3709070b4b2",
            "egress": [
              {
                "action": "allow",
                "cidr_block": "0.0.0.0/0",
                "from_port": 0,
                "icmp_code": null,
                "icmp_type": null,
                "ipv6_cidr_block": "",
                "protocol": "-1",
                "rule_no": 100,
                "to_port": 0
              }
            ],
            "id": "acl-0dd88e3709070b4b2",
            "ingress": [
              {
                "action": "allow",
                "cidr_block": "0.0.0.0/0",
                "from_port": 0,
                "icmp_code": null,
                "icmp_type": null,
                "ipv6_cidr_block": "",
                "protocol": "-1",
                "rule_no": 100,
                "to_port": 0
              }
            ],
            "owner_id": "965756062685",
            "region": "us-east-1",
            "subnet_ids": [
              "subnet-09c5d8916c26da05d"
            ],
            "tags": {
              "Name": "App-NACL"
            },
            "tags_all": {
              "Name": "App-NACL"
            },
            "vpc_id": "vpc-008cbf626300203d5"
          },
          "sensitive_attributes": [],
          "identity_schema_version": 0,
          "private": "bnVsbA==",
          "dependencies": [
            "aws_subnet.private_app",
            "aws_vpc.main"
          ]
        }
      ]
    },
    {
      "mode": "managed",
      "type": "aws_network_acl",
      "name": "db_acl",
      "provider": "provider[\"registry.terraform.io/hashicorp/aws\"]",
      "instances": [
        {
          "schema_version": 0,
          "attributes": {
            "arn": "arn:aws:ec2:us-east-1:965756062685:network-acl/acl-04d72725189704131",
            "egress": [
              {
                "action": "allow",
                "cidr_block": "0.0.0.0/0",
                "from_port": 0,
                "icmp_code": null,
                "icmp_type": null,
                "ipv6_cidr_block": "",
                "protocol": "-1",
                "rule_no": 100,
                "to_port": 0
              }
            ],
            "id": "acl-04d72725189704131",
            "ingress": [
              {
                "action": "allow",
                "cidr_block": "0.0.0.0/0",
                "from_port": 0,
                "icmp_code": null,
                "icmp_type": null,
                "ipv6_cidr_block": "",
                "protocol": "-1",
                "rule_no": 100,
                "to_port": 0
              }
            ],
            "owner_id": "965756062685",
            "region": "us-east-1",
            "subnet_ids": [
              "subnet-0c09f6e158a355d69"
            ],
            "tags": {
              "Name": "DB-NACL"
            },
            "tags_all": {
              "Name": "DB-NACL"
            },
            "vpc_id": "vpc-008cbf626300203d5"
          },
          "sensitive_attributes": [],
          "identity_schema_version": 0,
          "private": "bnVsbA==",
          "dependencies": [
            "aws_subnet.private_db",
            "aws_vpc.main"
          ]
        }
      ]
    },
    {
      "mode": "managed",
      "type": "aws_network_acl",
      "name": "public_acl",
      "provider": "provider[\"registry.terraform.io/hashicorp/aws\"]",
      "instances": [
        {
          "schema_version": 0,
          "attributes": {
            "arn": "arn:aws:ec2:us-east-1:965756062685:network-acl/acl-00a66868fc6a7828f",
            "egress": [
              {
                "action": "allow",
                "cidr_block": "0.0.0.0/0",
                "from_port": 0,
                "icmp_code": null,
                "icmp_type": null,
                "ipv6_cidr_block": "",
                "protocol": "-1",
                "rule_no": 100,
                "to_port": 0
              }
            ],
            "id": "acl-00a66868fc6a7828f",
            "ingress": [
              {
                "action": "allow",
                "cidr_block": "0.0.0.0/0",
                "from_port": 0,
                "icmp_code": null,
                "icmp_type": null,
                "ipv6_cidr_block": "",
                "protocol": "-1",
                "rule_no": 100,
                "to_port": 0
              }
            ],
            "owner_id": "965756062685",
            "region": "us-east-1",
            "subnet_ids": [
              "subnet-07654d878414ada91"
            ],
            "tags": {
              "Name": "Public-NACL"
            },
            "tags_all": {
              "Name": "Public-NACL"
            },
            "vpc_id": "vpc-008cbf626300203d5"
          },
          "sensitive_attributes": [],
          "identity_schema_version": 0,
          "private": "bnVsbA==",
          "dependencies": [
            "aws_subnet.public",
            "aws_vpc.main"
          ]
        }
      ]
    },
    {
      "mode": "managed",
      "type": "aws_route",
      "name": "private_nat_route",
      "provider": "provider[\"registry.terraform.io/hashicorp/aws\"]",
      "instances": [
        {
          "schema_version": 0,
          "attributes": {
            "carrier_gateway_id": "",
            "core_network_arn": "",
            "destination_cidr_block": "0.0.0.0/0",
            "destination_ipv6_cidr_block": "",
            "destination_prefix_list_id": "",
            "egress_only_gateway_id": "",
            "gateway_id": "",
            "id": "r-rtb-0df95945cac728ae91080289494",
            "instance_id": "i-07de3631be5ce7ea4",
            "instance_owner_id": "965756062685",
            "local_gateway_id": "",
            "nat_gateway_id": "",
            "network_interface_id": "eni-09f7e430e1bd8de41",
            "origin": "CreateRoute",
            "region": "us-east-1",
            "route_table_id": "rtb-0df95945cac728ae9",
            "state": "active",
            "timeouts": null,
            "transit_gateway_id": "",
            "vpc_endpoint_id": "",
            "vpc_peering_connection_id": ""
          },
          "sensitive_attributes": [],
          "identity_schema_version": 0,
          "identity": {
            "account_id": "965756062685",
            "destination_cidr_block": "0.0.0.0/0",
            "destination_ipv6_cidr_block": null,
            "destination_prefix_list_id": null,
            "region": "us-east-1",
            "route_table_id": "rtb-0df95945cac728ae9"
          },
          "private": "eyJlMmJmYjczMC1lY2FhLTExZTYtOGY4OC0zNDM2M2JjN2M0YzAiOnsiY3JlYXRlIjozMDAwMDAwMDAwMDAsImRlbGV0ZSI6MzAwMDAwMDAwMDAwLCJ1cGRhdGUiOjEyMDAwMDAwMDAwMH19",
          "dependencies": [
            "aws_instance.master_node",
            "aws_route_table.private_rt",
            "aws_security_group.master_sg",
            "aws_subnet.public",
            "aws_vpc.main",
            "data.aws_ami.ubuntu",
            "data.aws_iam_instance_profile.lab_profile"
          ]
        }
      ]
    },
    {
      "mode": "managed",
      "type": "aws_route_table",
      "name": "private_rt",
      "provider": "provider[\"registry.terraform.io/hashicorp/aws\"]",
      "instances": [
        {
          "schema_version": 0,
          "attributes": {
            "arn": "arn:aws:ec2:us-east-1:965756062685:route-table/rtb-0df95945cac728ae9",
            "id": "rtb-0df95945cac728ae9",
            "owner_id": "965756062685",
            "propagating_vgws": [],
            "region": "us-east-1",
            "route": [],
            "tags": {
              "Name": "Private-Route-Table"
            },
            "tags_all": {
              "Name": "Private-Route-Table"
            },
            "timeouts": null,
            "vpc_id": "vpc-008cbf626300203d5"
          },
          "sensitive_attributes": [],
          "identity_schema_version": 0,
          "identity": {
            "account_id": "965756062685",
            "id": "rtb-0df95945cac728ae9",
            "region": "us-east-1"
          },
          "private": "eyJlMmJmYjczMC1lY2FhLTExZTYtOGY4OC0zNDM2M2JjN2M0YzAiOnsiY3JlYXRlIjozMDAwMDAwMDAwMDAsImRlbGV0ZSI6MzAwMDAwMDAwMDAwLCJ1cGRhdGUiOjEyMDAwMDAwMDAwMH19",
          "dependencies": [
            "aws_vpc.main"
          ]
        }
      ]
    },
    {
      "mode": "managed",
      "type": "aws_route_table",
      "name": "public_rt",
      "provider": "provider[\"registry.terraform.io/hashicorp/aws\"]",
      "instances": [
        {
          "schema_version": 0,
          "attributes": {
            "arn": "arn:aws:ec2:us-east-1:965756062685:route-table/rtb-08f7756b367343139",
            "id": "rtb-08f7756b367343139",
            "owner_id": "965756062685",
            "propagating_vgws": [],
            "region": "us-east-1",
            "route": [
              {
                "carrier_gateway_id": "",
                "cidr_block": "0.0.0.0/0",
                "core_network_arn": "",
                "destination_prefix_list_id": "",
                "egress_only_gateway_id": "",
                "gateway_id": "igw-0e112c44b7046611e",
                "ipv6_cidr_block": "",
                "local_gateway_id": "",
                "nat_gateway_id": "",
                "network_interface_id": "",
                "transit_gateway_id": "",
                "vpc_endpoint_id": "",
                "vpc_peering_connection_id": ""
              }
            ],
            "tags": {
              "Name": "Public-Route-Table"
            },
            "tags_all": {
              "Name": "Public-Route-Table"
            },
            "timeouts": null,
            "vpc_id": "vpc-008cbf626300203d5"
          },
          "sensitive_attributes": [],
          "identity_schema_version": 0,
          "identity": {
            "account_id": "965756062685",
            "id": "rtb-08f7756b367343139",
            "region": "us-east-1"
          },
          "private": "eyJlMmJmYjczMC1lY2FhLTExZTYtOGY4OC0zNDM2M2JjN2M0YzAiOnsiY3JlYXRlIjozMDAwMDAwMDAwMDAsImRlbGV0ZSI6MzAwMDAwMDAwMDAwLCJ1cGRhdGUiOjEyMDAwMDAwMDAwMH19",
          "dependencies": [
            "aws_internet_gateway.igw",
            "aws_vpc.main"
          ]
        }
      ]
    },
    {
      "mode": "managed",
      "type": "aws_route_table_association",
      "name": "private_app_assoc",
      "provider": "provider[\"registry.terraform.io/hashicorp/aws\"]",
      "instances": [
        {
          "schema_version": 0,
          "attributes": {
            "gateway_id": "",
            "id": "rtbassoc-098c9a7ffd7577eaa",
            "region": "us-east-1",
            "route_table_id": "rtb-0df95945cac728ae9",
            "subnet_id": "subnet-09c5d8916c26da05d",
            "timeouts": null
          },
          "sensitive_attributes": [],
          "identity_schema_version": 0,
          "private": "eyJlMmJmYjczMC1lY2FhLTExZTYtOGY4OC0zNDM2M2JjN2M0YzAiOnsiY3JlYXRlIjozMDAwMDAwMDAwMDAsImRlbGV0ZSI6MzAwMDAwMDAwMDAwLCJ1cGRhdGUiOjEyMDAwMDAwMDAwMH19",
          "dependencies": [
            "aws_route_table.private_rt",
            "aws_subnet.private_app",
            "aws_vpc.main"
          ]
        }
      ]
    },
    {
      "mode": "managed",
      "type": "aws_route_table_association",
      "name": "private_db_assoc",
      "provider": "provider[\"registry.terraform.io/hashicorp/aws\"]",
      "instances": [
        {
          "schema_version": 0,
          "attributes": {
            "gateway_id": "",
            "id": "rtbassoc-0ef5e8398175472cb",
            "region": "us-east-1",
            "route_table_id": "rtb-0df95945cac728ae9",
            "subnet_id": "subnet-0c09f6e158a355d69",
            "timeouts": null
          },
          "sensitive_attributes": [],
          "identity_schema_version": 0,
          "private": "eyJlMmJmYjczMC1lY2FhLTExZTYtOGY4OC0zNDM2M2JjN2M0YzAiOnsiY3JlYXRlIjozMDAwMDAwMDAwMDAsImRlbGV0ZSI6MzAwMDAwMDAwMDAwLCJ1cGRhdGUiOjEyMDAwMDAwMDAwMH19",
          "dependencies": [
            "aws_route_table.private_rt",
            "aws_subnet.private_db",
            "aws_vpc.main"
          ]
        }
      ]
    },
    {
      "mode": "managed",
      "type": "aws_route_table_association",
      "name": "public_assoc",
      "provider": "provider[\"registry.terraform.io/hashicorp/aws\"]",
      "instances": [
        {
          "schema_version": 0,
          "attributes": {
            "gateway_id": "",
            "id": "rtbassoc-0bc8a99380673141a",
            "region": "us-east-1",
            "route_table_id": "rtb-08f7756b367343139",
            "subnet_id": "subnet-07654d878414ada91",
            "timeouts": null
          },
          "sensitive_attributes": [],
          "identity_schema_version": 0,
          "private": "eyJlMmJmYjczMC1lY2FhLTExZTYtOGY4OC0zNDM2M2JjN2M0YzAiOnsiY3JlYXRlIjozMDAwMDAwMDAwMDAsImRlbGV0ZSI6MzAwMDAwMDAwMDAwLCJ1cGRhdGUiOjEyMDAwMDAwMDAwMH19",
          "dependencies": [
            "aws_internet_gateway.igw",
            "aws_route_table.public_rt",
            "aws_subnet.public",
            "aws_vpc.main"
          ]
        }
      ]
    },
    {
      "mode": "managed",
      "type": "aws_security_group",
      "name": "db_sg",
      "provider": "provider[\"registry.terraform.io/hashicorp/aws\"]",
      "instances": [
        {
          "schema_version": 1,
          "attributes": {
            "arn": "arn:aws:ec2:us-east-1:965756062685:security-group/sg-03ef0ad87ddaf8047",
            "description": "Managed by Terraform",
            "egress": [
              {
                "cidr_blocks": [
                  "0.0.0.0/0"
                ],
                "description": "",
                "from_port": 0,
                "ipv6_cidr_blocks": [],
                "prefix_list_ids": [],
                "protocol": "-1",
                "security_groups": [],
                "self": false,
                "to_port": 0
              }
            ],
            "id": "sg-03ef0ad87ddaf8047",
            "ingress": [
              {
                "cidr_blocks": [
                  "10.0.0.0/16"
                ],
                "description": "",
                "from_port": 22,
                "ipv6_cidr_blocks": [],
                "prefix_list_ids": [],
                "protocol": "tcp",
                "security_groups": [],
                "self": false,
                "to_port": 22
              },
              {
                "cidr_blocks": [
                  "10.0.0.0/16"
                ],
                "description": "",
                "from_port": 27017,
                "ipv6_cidr_blocks": [],
                "prefix_list_ids": [],
                "protocol": "tcp",
                "security_groups": [],
                "self": false,
                "to_port": 27017
              }
            ],
            "name": "db-sg",
            "name_prefix": "",
            "owner_id": "965756062685",
            "region": "us-east-1",
            "revoke_rules_on_delete": false,
            "tags": null,
            "tags_all": {},
            "timeouts": null,
            "vpc_id": "vpc-008cbf626300203d5"
          },
          "sensitive_attributes": [],
          "identity_schema_version": 0,
          "identity": {
            "account_id": "965756062685",
            "id": "sg-03ef0ad87ddaf8047",
            "region": "us-east-1"
          },
          "private": "eyJlMmJmYjczMC1lY2FhLTExZTYtOGY4OC0zNDM2M2JjN2M0YzAiOnsiY3JlYXRlIjo2MDAwMDAwMDAwMDAsImRlbGV0ZSI6OTAwMDAwMDAwMDAwfSwic2NoZW1hX3ZlcnNpb24iOiIxIn0=",
          "dependencies": [
            "aws_vpc.main"
          ]
        }
      ]
    },
    {
      "mode": "managed",
      "type": "aws_security_group",
      "name": "master_sg",
      "provider": "provider[\"registry.terraform.io/hashicorp/aws\"]",
      "instances": [
        {
          "schema_version": 1,
          "attributes": {
            "arn": "arn:aws:ec2:us-east-1:965756062685:security-group/sg-034e65b4a2946e7c3",
            "description": "Managed by Terraform",
            "egress": [
              {
                "cidr_blocks": [
                  "0.0.0.0/0"
                ],
                "description": "",
                "from_port": 0,
                "ipv6_cidr_blocks": [],
                "prefix_list_ids": [],
                "protocol": "-1",
                "security_groups": [],
                "self": false,
                "to_port": 0
              }
            ],
            "id": "sg-034e65b4a2946e7c3",
            "ingress": [
              {
                "cidr_blocks": [
                  "0.0.0.0/0"
                ],
                "description": "",
                "from_port": 22,
                "ipv6_cidr_blocks": [],
                "prefix_list_ids": [],
                "protocol": "tcp",
                "security_groups": [],
                "self": false,
                "to_port": 22
              },
              {
                "cidr_blocks": [
                  "0.0.0.0/0"
                ],
                "description": "",
                "from_port": 8080,
                "ipv6_cidr_blocks": [],
                "prefix_list_ids": [],
                "protocol": "tcp",
                "security_groups": [],
                "self": false,
                "to_port": 8080
              },
              {
                "cidr_blocks": [
                  "0.0.0.0/0"
                ],
                "description": "",
                "from_port": 80,
                "ipv6_cidr_blocks": [],
                "prefix_list_ids": [],
                "protocol": "tcp",
                "security_groups": [],
                "self": false,
                "to_port": 80
              },
              {
                "cidr_blocks": [
                  "0.0.0.0/0"
                ],
                "description": "Grafana",
                "from_port": 30030,
                "ipv6_cidr_blocks": [],
                "prefix_list_ids": [],
                "protocol": "tcp",
                "security_groups": [],
                "self": false,
                "to_port": 30030
              },
              {
                "cidr_blocks": [
                  "0.0.0.0/0"
                ],
                "description": "K8s NodePorts",
                "from_port": 30000,
                "ipv6_cidr_blocks": [],
                "prefix_list_ids": [],
                "protocol": "tcp",
                "security_groups": [],
                "self": false,
                "to_port": 32767
              },
              {
                "cidr_blocks": [
                  "0.0.0.0/0"
                ],
                "description": "Prometheus",
                "from_port": 30090,
                "ipv6_cidr_blocks": [],
                "prefix_list_ids": [],
                "protocol": "tcp",
                "security_groups": [],
                "self": false,
                "to_port": 30090
              },
              {
                "cidr_blocks": [
                  "10.0.0.0/16"
                ],
                "description": "",
                "from_port": 0,
                "ipv6_cidr_blocks": [],
                "prefix_list_ids": [],
                "protocol": "-1",
                "security_groups": [],
                "self": false,
                "to_port": 0
              }
            ],
            "name": "master-sg",
            "name_prefix": "",
            "owner_id": "965756062685",
            "region": "us-east-1",
            "revoke_rules_on_delete": false,
            "tags": null,
            "tags_all": {},
            "timeouts": null,
            "vpc_id": "vpc-008cbf626300203d5"
          },
          "sensitive_attributes": [],
          "identity_schema_version": 0,
          "identity": {
            "account_id": "965756062685",
            "id": "sg-034e65b4a2946e7c3",
            "region": "us-east-1"
          },
          "private": "eyJlMmJmYjczMC1lY2FhLTExZTYtOGY4OC0zNDM2M2JjN2M0YzAiOnsiY3JlYXRlIjo2MDAwMDAwMDAwMDAsImRlbGV0ZSI6OTAwMDAwMDAwMDAwfSwic2NoZW1hX3ZlcnNpb24iOiIxIn0=",
          "dependencies": [
            "aws_vpc.main"
          ]
        }
      ]
    },
    {
      "mode": "managed",
      "type": "aws_security_group",
      "name": "services_sg",
      "provider": "provider[\"registry.terraform.io/hashicorp/aws\"]",
      "instances": [
        {
          "schema_version": 1,
          "attributes": {
            "arn": "arn:aws:ec2:us-east-1:965756062685:security-group/sg-0490efe75fe975d2e",
            "description": "Managed by Terraform",
            "egress": [
              {
                "cidr_blocks": [
                  "0.0.0.0/0"
                ],
                "description": "",
                "from_port": 0,
                "ipv6_cidr_blocks": [],
                "prefix_list_ids": [],
                "protocol": "-1",
                "security_groups": [],
                "self": false,
                "to_port": 0
              }
            ],
            "id": "sg-0490efe75fe975d2e",
            "ingress": [
              {
                "cidr_blocks": [
                  "10.0.0.0/16"
                ],
                "description": "",
                "from_port": 0,
                "ipv6_cidr_blocks": [],
                "prefix_list_ids": [],
                "protocol": "-1",
                "security_groups": [],
                "self": false,
                "to_port": 0
              }
            ],
            "name": "services-sg",
            "name_prefix": "",
            "owner_id": "965756062685",
            "region": "us-east-1",
            "revoke_rules_on_delete": false,
            "tags": null,
            "tags_all": {},
            "timeouts": null,
            "vpc_id": "vpc-008cbf626300203d5"
          },
          "sensitive_attributes": [],
          "identity_schema_version": 0,
          "identity": {
            "account_id": "965756062685",
            "id": "sg-0490efe75fe975d2e",
            "region": "us-east-1"
          },
          "private": "eyJlMmJmYjczMC1lY2FhLTExZTYtOGY4OC0zNDM2M2JjN2M0YzAiOnsiY3JlYXRlIjo2MDAwMDAwMDAwMDAsImRlbGV0ZSI6OTAwMDAwMDAwMDAwfSwic2NoZW1hX3ZlcnNpb24iOiIxIn0=",
          "dependencies": [
            "aws_vpc.main"
          ]
        }
      ]
    },
    {
      "mode": "managed",
      "type": "aws_subnet",
      "name": "private_app",
      "provider": "provider[\"registry.terraform.io/hashicorp/aws\"]",
      "instances": [
        {
          "schema_version": 1,
          "attributes": {
            "arn": "arn:aws:ec2:us-east-1:965756062685:subnet/subnet-09c5d8916c26da05d",
            "assign_ipv6_address_on_creation": false,
            "availability_zone": "us-east-1a",
            "availability_zone_id": "use1-az6",
            "cidr_block": "10.0.2.0/24",
            "customer_owned_ipv4_pool": "",
            "enable_dns64": false,
            "enable_lni_at_device_index": 0,
            "enable_resource_name_dns_a_record_on_launch": false,
            "enable_resource_name_dns_aaaa_record_on_launch": false,
            "id": "subnet-09c5d8916c26da05d",
            "ipv6_cidr_block": "",
            "ipv6_cidr_block_association_id": "",
            "ipv6_native": false,
            "map_customer_owned_ip_on_launch": false,
            "map_public_ip_on_launch": false,
            "outpost_arn": "",
            "owner_id": "965756062685",
            "private_dns_hostname_type_on_launch": "ip-name",
            "region": "us-east-1",
            "tags": {
              "Name": "Private-Subnet-Services"
            },
            "tags_all": {
              "Name": "Private-Subnet-Services"
            },
            "timeouts": null,
            "vpc_id": "vpc-008cbf626300203d5"
          },
          "sensitive_attributes": [],
          "identity_schema_version": 0,
          "identity": {
            "account_id": "965756062685",
            "id": "subnet-09c5d8916c26da05d",
            "region": "us-east-1"
          },
          "private": "eyJlMmJmYjczMC1lY2FhLTExZTYtOGY4OC0zNDM2M2JjN2M0YzAiOnsiY3JlYXRlIjo2MDAwMDAwMDAwMDAsImRlbGV0ZSI6MTIwMDAwMDAwMDAwMH0sInNjaGVtYV92ZXJzaW9uIjoiMSJ9",
          "dependencies": [
            "aws_vpc.main"
          ]
        }
      ]
    },
    {
      "mode": "managed",
      "type": "aws_subnet",
      "name": "private_db",
      "provider": "provider[\"registry.terraform.io/hashicorp/aws\"]",
      "instances": [
        {
          "schema_version": 1,
          "attributes": {
            "arn": "arn:aws:ec2:us-east-1:965756062685:subnet/subnet-0c09f6e158a355d69",
            "assign_ipv6_address_on_creation": false,
            "availability_zone": "us-east-1a",
            "availability_zone_id": "use1-az6",
            "cidr_block": "10.0.3.0/24",
            "customer_owned_ipv4_pool": "",
            "enable_dns64": false,
            "enable_lni_at_device_index": 0,
            "enable_resource_name_dns_a_record_on_launch": false,
            "enable_resource_name_dns_aaaa_record_on_launch": false,
            "id": "subnet-0c09f6e158a355d69",
            "ipv6_cidr_block": "",
            "ipv6_cidr_block_association_id": "",
            "ipv6_native": false,
            "map_customer_owned_ip_on_launch": false,
            "map_public_ip_on_launch": false,
            "outpost_arn": "",
            "owner_id": "965756062685",
            "private_dns_hostname_type_on_launch": "ip-name",
            "region": "us-east-1",
            "tags": {
              "Name": "Private-Subnet-DB"
            },
            "tags_all": {
              "Name": "Private-Subnet-DB"
            },
            "timeouts": null,
            "vpc_id": "vpc-008cbf626300203d5"
          },
          "sensitive_attributes": [],
          "identity_schema_version": 0,
          "identity": {
            "account_id": "965756062685",
            "id": "subnet-0c09f6e158a355d69",
            "region": "us-east-1"
          },
          "private": "eyJlMmJmYjczMC1lY2FhLTExZTYtOGY4OC0zNDM2M2JjN2M0YzAiOnsiY3JlYXRlIjo2MDAwMDAwMDAwMDAsImRlbGV0ZSI6MTIwMDAwMDAwMDAwMH0sInNjaGVtYV92ZXJzaW9uIjoiMSJ9",
          "dependencies": [
            "aws_vpc.main"
          ]
        }
      ]
    },
    {
      "mode": "managed",
      "type": "aws_subnet",
      "name": "public",
      "provider": "provider[\"registry.terraform.io/hashicorp/aws\"]",
      "instances": [
        {
          "schema_version": 1,
          "attributes": {
            "arn": "arn:aws:ec2:us-east-1:965756062685:subnet/subnet-07654d878414ada91",
            "assign_ipv6_address_on_creation": false,
            "availability_zone": "us-east-1a",
            "availability_zone_id": "use1-az6",
            "cidr_block": "10.0.1.0/24",
            "customer_owned_ipv4_pool": "",
            "enable_dns64": false,
            "enable_lni_at_device_index": 0,
            "enable_resource_name_dns_a_record_on_launch": false,
            "enable_resource_name_dns_aaaa_record_on_launch": false,
            "id": "subnet-07654d878414ada91",
            "ipv6_cidr_block": "",
            "ipv6_cidr_block_association_id": "",
            "ipv6_native": false,
            "map_customer_owned_ip_on_launch": false,
            "map_public_ip_on_launch": true,
            "outpost_arn": "",
            "owner_id": "965756062685",
            "private_dns_hostname_type_on_launch": "ip-name",
            "region": "us-east-1",
            "tags": {
              "Name": "Public-Subnet-Master"
            },
            "tags_all": {
              "Name": "Public-Subnet-Master"
            },
            "timeouts": null,
            "vpc_id": "vpc-008cbf626300203d5"
          },
          "sensitive_attributes": [],
          "identity_schema_version": 0,
          "identity": {
            "account_id": "965756062685",
            "id": "subnet-07654d878414ada91",
            "region": "us-east-1"
          },
          "private": "eyJlMmJmYjczMC1lY2FhLTExZTYtOGY4OC0zNDM2M2JjN2M0YzAiOnsiY3JlYXRlIjo2MDAwMDAwMDAwMDAsImRlbGV0ZSI6MTIwMDAwMDAwMDAwMH0sInNjaGVtYV92ZXJzaW9uIjoiMSJ9",
          "dependencies": [
            "aws_vpc.main"
          ]
        }
      ]
    },
    {
      "mode": "managed",
      "type": "aws_vpc",
      "name": "main",
      "provider": "provider[\"registry.terraform.io/hashicorp/aws\"]",
      "instances": [
        {
          "schema_version": 1,
          "attributes": {
            "arn": "arn:aws:ec2:us-east-1:965756062685:vpc/vpc-008cbf626300203d5",
            "assign_generated_ipv6_cidr_block": false,
            "cidr_block": "10.0.0.0/16",
            "default_network_acl_id": "acl-0a156ffb3e283bd35",
            "default_route_table_id": "rtb-0b485c37aba85b010",
            "default_security_group_id": "sg-0a7500e3c78d27db6",
            "dhcp_options_id": "dopt-0d72c6ce0f7b1cd1e",
            "enable_dns_hostnames": true,
            "enable_dns_support": true,
            "enable_network_address_usage_metrics": false,
            "id": "vpc-008cbf626300203d5",
            "instance_tenancy": "default",
            "ipv4_ipam_pool_id": null,
            "ipv4_netmask_length": null,
            "ipv6_association_id": "",
            "ipv6_cidr_block": "",
            "ipv6_cidr_block_network_border_group": "",
            "ipv6_ipam_pool_id": "",
            "ipv6_netmask_length": 0,
            "main_route_table_id": "rtb-0b485c37aba85b010",
            "owner_id": "965756062685",
            "region": "us-east-1",
            "tags": {
              "Name": "Project-VPC"
            },
            "tags_all": {
              "Name": "Project-VPC"
            }
          },
          "sensitive_attributes": [],
          "identity_schema_version": 0,
          "identity": {
            "account_id": "965756062685",
            "id": "vpc-008cbf626300203d5",
            "region": "us-east-1"
          },
          "private": "eyJzY2hlbWFfdmVyc2lvbiI6IjEifQ=="
        }
      ]
    }
  ],
  "check_results": null
}
